// !$*UTF8*$!
{
	archiveVersion = 1;
	classes = {
	};
	objectVersion = 56;
	objects = {

/* Begin PBXBuildFile section */
		A5361B1E2A45CFB500B5560D /* AppTracer.swift in Sources */ = {isa = PBXBuildFile; fileRef = A5361B1D2A45CFB500B5560D /* AppTracer.swift */; };
		A5FA2A4E2A8AAC4800FBDA0D /* LocalTracer in Frameworks */ = {isa = PBXBuildFile; productRef = A5FA2A4D2A8AAC4800FBDA0D /* LocalTracer */; };
		A5FA2A522A8AB03000FBDA0D /* Curl.swift in Sources */ = {isa = PBXBuildFile; fileRef = A5FA2A512A8AB03000FBDA0D /* Curl.swift */; };
		A5FC956E2A44BB9200DA1204 /* AppDelegate.swift in Sources */ = {isa = PBXBuildFile; fileRef = A5FC956D2A44BB9200DA1204 /* AppDelegate.swift */; };
		A5FC95722A44BB9200DA1204 /* ViewController.swift in Sources */ = {isa = PBXBuildFile; fileRef = A5FC95712A44BB9200DA1204 /* ViewController.swift */; };
		A5FC95752A44BB9200DA1204 /* Main.storyboard in Resources */ = {isa = PBXBuildFile; fileRef = A5FC95732A44BB9200DA1204 /* Main.storyboard */; };
		A5FC95772A44BB9300DA1204 /* Assets.xcassets in Resources */ = {isa = PBXBuildFile; fileRef = A5FC95762A44BB9300DA1204 /* Assets.xcassets */; };
		A5FC957A2A44BB9300DA1204 /* LaunchScreen.storyboard in Resources */ = {isa = PBXBuildFile; fileRef = A5FC95782A44BB9300DA1204 /* LaunchScreen.storyboard */; };
/* End PBXBuildFile section */

/* Begin PBXFileReference section */
		A5361B1D2A45CFB500B5560D /* AppTracer.swift */ = {isa = PBXFileReference; lastKnownFileType = sourcecode.swift; path = AppTracer.swift; sourceTree = "<group>"; };
		A5FA2A4C2A8AAC3200FBDA0D /* local-tracer-swift */ = {isa = PBXFileReference; lastKnownFileType = wrapper; name = "local-tracer-swift"; path = ..; sourceTree = "<group>"; };
		A5FA2A512A8AB03000FBDA0D /* Curl.swift */ = {isa = PBXFileReference; lastKnownFileType = sourcecode.swift; path = Curl.swift; sourceTree = "<group>"; };
		A5FA2A542A8AB7CE00FBDA0D /* SampleCode.xcconfig */ = {isa = PBXFileReference; lastKnownFileType = text.xcconfig; path = SampleCode.xcconfig; sourceTree = "<group>"; };
		A5FC956A2A44BB9200DA1204 /* Demo.app */ = {isa = PBXFileReference; explicitFileType = wrapper.application; includeInIndex = 0; path = Demo.app; sourceTree = BUILT_PRODUCTS_DIR; };
		A5FC956D2A44BB9200DA1204 /* AppDelegate.swift */ = {isa = PBXFileReference; lastKnownFileType = sourcecode.swift; path = AppDelegate.swift; sourceTree = "<group>"; };
		A5FC95712A44BB9200DA1204 /* ViewController.swift */ = {isa = PBXFileReference; lastKnownFileType = sourcecode.swift; path = ViewController.swift; sourceTree = "<group>"; };
		A5FC95742A44BB9200DA1204 /* Base */ = {isa = PBXFileReference; lastKnownFileType = file.storyboard; name = Base; path = Base.lproj/Main.storyboard; sourceTree = "<group>"; };
		A5FC95762A44BB9300DA1204 /* Assets.xcassets */ = {isa = PBXFileReference; lastKnownFileType = folder.assetcatalog; path = Assets.xcassets; sourceTree = "<group>"; };
		A5FC95792A44BB9300DA1204 /* Base */ = {isa = PBXFileReference; lastKnownFileType = file.storyboard; name = Base; path = Base.lproj/LaunchScreen.storyboard; sourceTree = "<group>"; };
		A5FC957B2A44BB9300DA1204 /* Info.plist */ = {isa = PBXFileReference; lastKnownFileType = text.plist.xml; path = Info.plist; sourceTree = "<group>"; };
/* End PBXFileReference section */

/* Begin PBXFrameworksBuildPhase section */
		A5FC95672A44BB9200DA1204 /* Frameworks */ = {
			isa = PBXFrameworksBuildPhase;
			buildActionMask = 2147483647;
			files = (
				A5FA2A4E2A8AAC4800FBDA0D /* LocalTracer in Frameworks */,
			);
			runOnlyForDeploymentPostprocessing = 0;
		};
/* End PBXFrameworksBuildPhase section */

/* Begin PBXGroup section */
		A5870E052A44BC3400ED2994 /* Packages */ = {
			isa = PBXGroup;
			children = (
				A5FA2A4C2A8AAC3200FBDA0D /* local-tracer-swift */,
			);
			name = Packages;
			sourceTree = "<group>";
		};
		A5870E072A44BC5C00ED2994 /* Frameworks */ = {
			isa = PBXGroup;
			children = (
			);
			name = Frameworks;
			sourceTree = "<group>";
		};
		A5FA2A532A8AB7CE00FBDA0D /* Configuration */ = {
			isa = PBXGroup;
			children = (
				A5FA2A542A8AB7CE00FBDA0D /* SampleCode.xcconfig */,
			);
			path = Configuration;
			sourceTree = "<group>";
		};
		A5FC95612A44BB9200DA1204 = {
			isa = PBXGroup;
			children = (
				A5FA2A532A8AB7CE00FBDA0D /* Configuration */,
				A5FC956C2A44BB9200DA1204 /* Demo */,
				A5870E052A44BC3400ED2994 /* Packages */,
				A5FC956B2A44BB9200DA1204 /* Products */,
				A5870E072A44BC5C00ED2994 /* Frameworks */,
			);
			sourceTree = "<group>";
		};
		A5FC956B2A44BB9200DA1204 /* Products */ = {
			isa = PBXGroup;
			children = (
				A5FC956A2A44BB9200DA1204 /* Demo.app */,
			);
			name = Products;
			sourceTree = "<group>";
		};
		A5FC956C2A44BB9200DA1204 /* Demo */ = {
			isa = PBXGroup;
			children = (
				A5FC956D2A44BB9200DA1204 /* AppDelegate.swift */,
				A5361B1D2A45CFB500B5560D /* AppTracer.swift */,
				A5FC95762A44BB9300DA1204 /* Assets.xcassets */,
				A5FA2A512A8AB03000FBDA0D /* Curl.swift */,
				A5FC957B2A44BB9300DA1204 /* Info.plist */,
				A5FC95782A44BB9300DA1204 /* LaunchScreen.storyboard */,
				A5FC95732A44BB9200DA1204 /* Main.storyboard */,
				A5FC95712A44BB9200DA1204 /* ViewController.swift */,
			);
			path = Demo;
			sourceTree = "<group>";
		};
/* End PBXGroup section */

/* Begin PBXNativeTarget section */
		A5FC95692A44BB9200DA1204 /* Demo */ = {
			isa = PBXNativeTarget;
			buildConfigurationList = A5FC957E2A44BB9300DA1204 /* Build configuration list for PBXNativeTarget "Demo" */;
			buildPhases = (
				A5FC95662A44BB9200DA1204 /* Sources */,
				A5FC95672A44BB9200DA1204 /* Frameworks */,
				A5FC95682A44BB9200DA1204 /* Resources */,
			);
			buildRules = (
			);
			dependencies = (
				A5FA2A502A8AAC5000FBDA0D /* PBXTargetDependency */,
			);
			name = Demo;
			packageProductDependencies = (
				A5FA2A4D2A8AAC4800FBDA0D /* LocalTracer */,
			);
			productName = Demo;
			productReference = A5FC956A2A44BB9200DA1204 /* Demo.app */;
			productType = "com.apple.product-type.application";
		};
/* End PBXNativeTarget section */

/* Begin PBXProject section */
		A5FC95622A44BB9200DA1204 /* Project object */ = {
			isa = PBXProject;
			attributes = {
				BuildIndependentTargetsInParallel = 1;
				LastSwiftUpdateCheck = 1430;
				LastUpgradeCheck = 1430;
				TargetAttributes = {
					A5FC95692A44BB9200DA1204 = {
						CreatedOnToolsVersion = 14.3.1;
					};
				};
			};
			buildConfigurationList = A5FC95652A44BB9200DA1204 /* Build configuration list for PBXProject "Demo" */;
			compatibilityVersion = "Xcode 14.0";
			developmentRegion = en;
			hasScannedForEncodings = 0;
			knownRegions = (
				en,
				Base,
			);
			mainGroup = A5FC95612A44BB9200DA1204;
			productRefGroup = A5FC956B2A44BB9200DA1204 /* Products */;
			projectDirPath = "";
			projectRoot = "";
			targets = (
				A5FC95692A44BB9200DA1204 /* Demo */,
			);
		};
/* End PBXProject section */

/* Begin PBXResourcesBuildPhase section */
		A5FC95682A44BB9200DA1204 /* Resources */ = {
			isa = PBXResourcesBuildPhase;
			buildActionMask = 2147483647;
			files = (
				A5FC957A2A44BB9300DA1204 /* LaunchScreen.storyboard in Resources */,
				A5FC95772A44BB9300DA1204 /* Assets.xcassets in Resources */,
				A5FC95752A44BB9200DA1204 /* Main.storyboard in Resources */,
			);
			runOnlyForDeploymentPostprocessing = 0;
		};
/* End PBXResourcesBuildPhase section */

/* Begin PBXSourcesBuildPhase section */
		A5FC95662A44BB9200DA1204 /* Sources */ = {
			isa = PBXSourcesBuildPhase;
			buildActionMask = 2147483647;
			files = (
				A5FC95722A44BB9200DA1204 /* ViewController.swift in Sources */,
				A5361B1E2A45CFB500B5560D /* AppTracer.swift in Sources */,
				A5FC956E2A44BB9200DA1204 /* AppDelegate.swift in Sources */,
				A5FA2A522A8AB03000FBDA0D /* Curl.swift in Sources */,
			);
			runOnlyForDeploymentPostprocessing = 0;
		};
/* End PBXSourcesBuildPhase section */

/* Begin PBXTargetDependency section */
		A5FA2A502A8AAC5000FBDA0D /* PBXTargetDependency */ = {
			isa = PBXTargetDependency;
			productRef = A5FA2A4F2A8AAC5000FBDA0D /* LocalTracer */;
		};
/* End PBXTargetDependency section */

/* Begin PBXVariantGroup section */
		A5FC95732A44BB9200DA1204 /* Main.storyboard */ = {
			isa = PBXVariantGroup;
			children = (
				A5FC95742A44BB9200DA1204 /* Base */,
			);
			name = Main.storyboard;
			sourceTree = "<group>";
		};
		A5FC95782A44BB9300DA1204 /* LaunchScreen.storyboard */ = {
			isa = PBXVariantGroup;
			children = (
				A5FC95792A44BB9300DA1204 /* Base */,
			);
			name = LaunchScreen.storyboard;
			sourceTree = "<group>";
		};
/* End PBXVariantGroup section */

/* Begin XCBuildConfiguration section */
		A5FC957C2A44BB9300DA1204 /* Debug */ = {
			isa = XCBuildConfiguration;
			baseConfigurationReference = A5FA2A542A8AB7CE00FBDA0D /* SampleCode.xcconfig */;
			buildSettings = {
				ALWAYS_SEARCH_USER_PATHS = NO;
				CLANG_ANALYZER_NONNULL = YES;
				CLANG_ANALYZER_NUMBER_OBJECT_CONVERSION = YES_AGGRESSIVE;
				CLANG_CXX_LANGUAGE_STANDARD = "gnu++20";
				CLANG_ENABLE_MODULES = YES;
				CLANG_ENABLE_OBJC_ARC = YES;
				CLANG_ENABLE_OBJC_WEAK = YES;
				CLANG_WARN_BLOCK_CAPTURE_AUTORELEASING = YES;
				CLANG_WARN_BOOL_CONVERSION = YES;
				CLANG_WARN_COMMA = YES;
				CLANG_WARN_CONSTANT_CONVERSION = YES;
				CLANG_WARN_DEPRECATED_OBJC_IMPLEMENTATIONS = YES;
				CLANG_WARN_DIRECT_OBJC_ISA_USAGE = YES_ERROR;
				CLANG_WARN_DOCUMENTATION_COMMENTS = YES;
				CLANG_WARN_EMPTY_BODY = YES;
				CLANG_WARN_ENUM_CONVERSION = YES;
				CLANG_WARN_INFINITE_RECURSION = YES;
				CLANG_WARN_INT_CONVERSION = YES;
				CLANG_WARN_NON_LITERAL_NULL_CONVERSION = YES;
				CLANG_WARN_OBJC_IMPLICIT_RETAIN_SELF = YES;
				CLANG_WARN_OBJC_LITERAL_CONVERSION = YES;
				CLANG_WARN_OBJC_ROOT_CLASS = YES_ERROR;
				CLANG_WARN_QUOTED_INCLUDE_IN_FRAMEWORK_HEADER = YES;
				CLANG_WARN_RANGE_LOOP_ANALYSIS = YES;
				CLANG_WARN_STRICT_PROTOTYPES = YES;
				CLANG_WARN_SUSPICIOUS_MOVE = YES;
				CLANG_WARN_UNGUARDED_AVAILABILITY = YES_AGGRESSIVE;
				CLANG_WARN_UNREACHABLE_CODE = YES;
				CLANG_WARN__DUPLICATE_METHOD_MATCH = YES;
				COPY_PHASE_STRIP = NO;
				DEBUG_INFORMATION_FORMAT = dwarf;
				ENABLE_STRICT_OBJC_MSGSEND = YES;
				ENABLE_TESTABILITY = YES;
				GCC_C_LANGUAGE_STANDARD = gnu11;
				GCC_DYNAMIC_NO_PIC = NO;
				GCC_NO_COMMON_BLOCKS = YES;
				GCC_OPTIMIZATION_LEVEL = 0;
				GCC_PREPROCESSOR_DEFINITIONS = (
					"DEBUG=1",
					"$(inherited)",
				);
				GCC_WARN_64_TO_32_BIT_CONVERSION = YES;
				GCC_WARN_ABOUT_RETURN_TYPE = YES_ERROR;
				GCC_WARN_UNDECLARED_SELECTOR = YES;
				GCC_WARN_UNINITIALIZED_AUTOS = YES_AGGRESSIVE;
				GCC_WARN_UNUSED_FUNCTION = YES;
				GCC_WARN_UNUSED_VARIABLE = YES;
				IPHONEOS_DEPLOYMENT_TARGET = 12.0;
				MTL_ENABLE_DEBUG_INFO = INCLUDE_SOURCE;
				MTL_FAST_MATH = YES;
				ONLY_ACTIVE_ARCH = YES;
				SDKROOT = iphoneos;
				SWIFT_ACTIVE_COMPILATION_CONDITIONS = DEBUG;
				SWIFT_OPTIMIZATION_LEVEL = "-Onone";
			};
			name = Debug;
		};
		A5FC957D2A44BB9300DA1204 /* Release */ = {
			isa = XCBuildConfiguration;
			baseConfigurationReference = A5FA2A542A8AB7CE00FBDA0D /* SampleCode.xcconfig */;
			buildSettings = {
				ALWAYS_SEARCH_USER_PATHS = NO;
				CLANG_ANALYZER_NONNULL = YES;
				CLANG_ANALYZER_NUMBER_OBJECT_CONVERSION = YES_AGGRESSIVE;
				CLANG_CXX_LANGUAGE_STANDARD = "gnu++20";
				CLANG_ENABLE_MODULES = YES;
				CLANG_ENABLE_OBJC_ARC = YES;
				CLANG_ENABLE_OBJC_WEAK = YES;
				CLANG_WARN_BLOCK_CAPTURE_AUTORELEASING = YES;
				CLANG_WARN_BOOL_CONVERSION = YES;
				CLANG_WARN_COMMA = YES;
				CLANG_WARN_CONSTANT_CONVERSION = YES;
				CLANG_WARN_DEPRECATED_OBJC_IMPLEMENTATIONS = YES;
				CLANG_WARN_DIRECT_OBJC_ISA_USAGE = YES_ERROR;
				CLANG_WARN_DOCUMENTATION_COMMENTS = YES;
				CLANG_WARN_EMPTY_BODY = YES;
				CLANG_WARN_ENUM_CONVERSION = YES;
				CLANG_WARN_INFINITE_RECURSION = YES;
				CLANG_WARN_INT_CONVERSION = YES;
				CLANG_WARN_NON_LITERAL_NULL_CONVERSION = YES;
				CLANG_WARN_OBJC_IMPLICIT_RETAIN_SELF = YES;
				CLANG_WARN_OBJC_LITERAL_CONVERSION = YES;
				CLANG_WARN_OBJC_ROOT_CLASS = YES_ERROR;
				CLANG_WARN_QUOTED_INCLUDE_IN_FRAMEWORK_HEADER = YES;
				CLANG_WARN_RANGE_LOOP_ANALYSIS = YES;
				CLANG_WARN_STRICT_PROTOTYPES = YES;
				CLANG_WARN_SUSPICIOUS_MOVE = YES;
				CLANG_WARN_UNGUARDED_AVAILABILITY = YES_AGGRESSIVE;
				CLANG_WARN_UNREACHABLE_CODE = YES;
				CLANG_WARN__DUPLICATE_METHOD_MATCH = YES;
				COPY_PHASE_STRIP = NO;
				DEBUG_INFORMATION_FORMAT = "dwarf-with-dsym";
				ENABLE_NS_ASSERTIONS = NO;
				ENABLE_STRICT_OBJC_MSGSEND = YES;
				GCC_C_LANGUAGE_STANDARD = gnu11;
				GCC_NO_COMMON_BLOCKS = YES;
				GCC_WARN_64_TO_32_BIT_CONVERSION = YES;
				GCC_WARN_ABOUT_RETURN_TYPE = YES_ERROR;
				GCC_WARN_UNDECLARED_SELECTOR = YES;
				GCC_WARN_UNINITIALIZED_AUTOS = YES_AGGRESSIVE;
				GCC_WARN_UNUSED_FUNCTION = YES;
				GCC_WARN_UNUSED_VARIABLE = YES;
				IPHONEOS_DEPLOYMENT_TARGET = 12.0;
				MTL_ENABLE_DEBUG_INFO = NO;
				MTL_FAST_MATH = YES;
				SDKROOT = iphoneos;
				SWIFT_COMPILATION_MODE = wholemodule;
				SWIFT_OPTIMIZATION_LEVEL = "-O";
				VALIDATE_PRODUCT = YES;
			};
			name = Release;
		};
		A5FC957F2A44BB9300DA1204 /* Debug */ = {
			isa = XCBuildConfiguration;
			buildSettings = {
				ASSETCATALOG_COMPILER_APPICON_NAME = AppIcon;
				ASSETCATALOG_COMPILER_GLOBAL_ACCENT_COLOR_NAME = AccentColor;
				CODE_SIGN_STYLE = Automatic;
				CURRENT_PROJECT_VERSION = 1;
				DEVELOPMENT_TEAM = "";
				GENERATE_INFOPLIST_FILE = YES;
				INFOPLIST_FILE = Demo/Info.plist;
				INFOPLIST_KEY_UIApplicationSupportsIndirectInputEvents = YES;
				INFOPLIST_KEY_UILaunchStoryboardName = LaunchScreen;
				INFOPLIST_KEY_UIMainStoryboardFile = Main;
				INFOPLIST_KEY_UISupportedInterfaceOrientations_iPad = "UIInterfaceOrientationPortrait UIInterfaceOrientationPortraitUpsideDown UIInterfaceOrientationLandscapeLeft UIInterfaceOrientationLandscapeRight";
				INFOPLIST_KEY_UISupportedInterfaceOrientations_iPhone = "UIInterfaceOrientationPortrait UIInterfaceOrientationLandscapeLeft UIInterfaceOrientationLandscapeRight";
				LD_RUNPATH_SEARCH_PATHS = (
					"$(inherited)",
					"@executable_path/Frameworks",
				);
				MARKETING_VERSION = 1.0;
				PRODUCT_BUNDLE_IDENTIFIER = "paiv.$(SAMPLE_CODE_DISAMBIGUATOR).ExampleApp";
				PRODUCT_NAME = "$(TARGET_NAME)";
				SWIFT_EMIT_LOC_STRINGS = YES;
				SWIFT_VERSION = 5.0;
				TARGETED_DEVICE_FAMILY = "1,2";
			};
			name = Debug;
		};
		A5FC95802A44BB9300DA1204 /* Release */ = {
			isa = XCBuildConfiguration;
			buildSettings = {
				ASSETCATALOG_COMPILER_APPICON_NAME = AppIcon;
				ASSETCATALOG_COMPILER_GLOBAL_ACCENT_COLOR_NAME = AccentColor;
				CODE_SIGN_STYLE = Automatic;
				CURRENT_PROJECT_VERSION = 1;
				DEVELOPMENT_TEAM = "";
				GENERATE_INFOPLIST_FILE = YES;
				INFOPLIST_FILE = Demo/Info.plist;
				INFOPLIST_KEY_UIApplicationSupportsIndirectInputEvents = YES;
				INFOPLIST_KEY_UILaunchStoryboardName = LaunchScreen;
				INFOPLIST_KEY_UIMainStoryboardFile = Main;
				INFOPLIST_KEY_UISupportedInterfaceOrientations_iPad = "UIInterfaceOrientationPortrait UIInterfaceOrientationPortraitUpsideDown UIInterfaceOrientationLandscapeLeft UIInterfaceOrientationLandscapeRight";
				INFOPLIST_KEY_UISupportedInterfaceOrientations_iPhone = "UIInterfaceOrientationPortrait UIInterfaceOrientationLandscapeLeft UIInterfaceOrientationLandscapeRight";
				LD_RUNPATH_SEARCH_PATHS = (
					"$(inherited)",
					"@executable_path/Frameworks",
				);
				MARKETING_VERSION = 1.0;
				PRODUCT_BUNDLE_IDENTIFIER = "paiv.$(SAMPLE_CODE_DISAMBIGUATOR).ExampleApp";
				PRODUCT_NAME = "$(TARGET_NAME)";
				SWIFT_EMIT_LOC_STRINGS = YES;
				SWIFT_VERSION = 5.0;
				TARGETED_DEVICE_FAMILY = "1,2";
			};
			name = Release;
		};
/* End XCBuildConfiguration section */

/* Begin XCConfigurationList section */
		A5FC95652A44BB9200DA1204 /* Build configuration list for PBXProject "Demo" */ = {
			isa = XCConfigurationList;
			buildConfigurations = (
				A5FC957C2A44BB9300DA1204 /* Debug */,
				A5FC957D2A44BB9300DA1204 /* Release */,
			);
			defaultConfigurationIsVisible = 0;
			defaultConfigurationName = Release;
		};
		A5FC957E2A44BB9300DA1204 /* Build configuration list for PBXNativeTarget "Demo" */ = {
			isa = XCConfigurationList;
			buildConfigurations = (
				A5FC957F2A44BB9300DA1204 /* Debug */,
				A5FC95802A44BB9300DA1204 /* Release */,
			);
			defaultConfigurationIsVisible = 0;
			defaultConfigurationName = Release;
		};
/* End XCConfigurationList section */

/* Begin XCSwiftPackageProductDependency section */
		A5FA2A4D2A8AAC4800FBDA0D /* LocalTracer */ = {
			isa = XCSwiftPackageProductDependency;
			productName = LocalTracer;
		};
		A5FA2A4F2A8AAC5000FBDA0D /* LocalTracer */ = {
			isa = XCSwiftPackageProductDependency;
			productName = LocalTracer;
		};
/* End XCSwiftPackageProductDependency section */
	};
	rootObject = A5FC95622A44BB9200DA1204 /* Project object */;
}
